
Microsoft Visual Studio Solution File, Format Version 12.00
# Visual Studio Version 16
VisualStudioVersion = 16.0.29306.81
MinimumVisualStudioVersion = 10.0.40219.1
Project("{FAE04EC0-301F-11D3-BF4B-00C04F79EFBC}") = "Server", "Server\Server.csproj", "{D34A22C9-677C-4810-AB7B-113CA28F004D}"
EndProject
Project("{FAE04EC0-301F-11D3-BF4B-00C04F79EFBC}") = "Client", "Client\Client.csproj", "{DA7DAD3B-B8E6-4536-B3F2-7C9F46E38F92}"
EndProject
Global
	GlobalSection(SolutionConfigurationPlatforms) = preSolution
		Debug|Any CPU = Debug|Any CPU
		Release|Any CPU = Release|Any CPU
	EndGlobalSection
	GlobalSection(ProjectConfigurationPlatforms) = postSolution
		{D34A22C9-677C-4810-AB7B-113CA28F004D}.Debug|Any CPU.ActiveCfg = Debug|Any CPU
		{D34A22C9-677C-4810-AB7B-113CA28F004D}.Debug|Any CPU.Build.0 = Debug|Any CPU
		{D34A22C9-677C-4810-AB7B-113CA28F004D}.Release|Any CPU.ActiveCfg = Release|Any CPU
		{D34A22C9-677C-4810-AB7B-113CA28F004D}.Release|Any CPU.Build.0 = Release|Any CPU
		{DA7DAD3B-B8E6-4536-B3F2-7C9F46E38F92}.Debug|Any CPU.ActiveCfg = Debug|Any CPU
		{DA7DAD3B-B8E6-4536-B3F2-7C9F46E38F92}.Debug|Any CPU.Build.0 = Debug|Any CPU
		{DA7DAD3B-B8E6-4536-B3F2-7C9F46E38F92}.Release|Any CPU.ActiveCfg = Release|Any CPU
		{DA7DAD3B-B8E6-4536-B3F2-7C9F46E38F92}.Release|Any CPU.Build.0 = Release|Any CPU
	EndGlobalSection
	GlobalSection(SolutionProperties) = preSolution
		HideSolutionNode = FALSE
	EndGlobalSection
	GlobalSection(ExtensibilityGlobals) = postSolution
		SolutionGuid = {F18500D3-B752-4A77-9CBA-5BD60CA00E53}
	EndGlobalSection
EndGlobal
